
Microsoft Visual Studio Solution File, Format Version 12.00
Project("{FAE04EC0-301F-11D3-BF4B-00C04F79EFBC}") = "lab3_1", "lab3_1.csproj", "{05109EAA-D4CF-432E-9BF4-51A4DBDFCEEC}"
EndProject
Global
	GlobalSection(SolutionConfigurationPlatforms) = preSolution
		Debug|Any CPU = Debug|Any CPU
		Release|Any CPU = Release|Any CPU
	EndGlobalSection
	GlobalSection(ProjectConfigurationPlatforms) = postSolution
		{05109EAA-D4CF-432E-9BF4-51A4DBDFCEEC}.Debug|Any CPU.ActiveCfg = Debug|Any CPU
		{05109EAA-D4CF-432E-9BF4-51A4DBDFCEEC}.Debug|Any CPU.Build.0 = Debug|Any CPU
		{05109EAA-D4CF-432E-9BF4-51A4DBDFCEEC}.Release|Any CPU.ActiveCfg = Release|Any CPU
		{05109EAA-D4CF-432E-9BF4-51A4DBDFCEEC}.Release|Any CPU.Build.0 = Release|Any CPU
	EndGlobalSection
EndGlobal
